
Microsoft Visual Studio Solution File, Format Version 12.00
# Visual Studio 14
VisualStudioVersion = 14.0.24720.0
MinimumVisualStudioVersion = 10.0.40219.1
Project("{8BC9CEB8-8B4A-11D0-8D11-00A0C91BC942}") = "VectorsAndMemory", "VectorsAndMemory\VectorsAndMemory.vcxproj", "{0F7F4A7C-59E5-480E-9F27-98E211E00561}"
EndProject
Project("{8BC9CEB8-8B4A-11D0-8D11-00A0C91BC942}") = "TwoDimensionalVectors", "TwoDimensionalVectors\TwoDimensionalVectors.vcxproj", "{24FF8E80-3AC7-4A56-8118-E8A2F81922A4}"
EndProject
Project("{8BC9CEB8-8B4A-11D0-8D11-00A0C91BC942}") = "Lists", "Lists\Lists.vcxproj", "{E1818EA6-277C-4463-9848-A940F3EBB0DE}"
EndProject
Project("{8BC9CEB8-8B4A-11D0-8D11-00A0C91BC942}") = "Maps", "Maps\Maps.vcxproj", "{42DC5168-B80F-41C7-B8FE-4EABC031CFAC}"
EndProject
Project("{8BC9CEB8-8B4A-11D0-8D11-00A0C91BC942}") = "CustomObjectsAsMapValues", "CustomObjectsAsMapValues\CustomObjectsAsMapValues.vcxproj", "{D3E33333-F9EC-4702-9886-72C09E0261F8}"
EndProject
Project("{8BC9CEB8-8B4A-11D0-8D11-00A0C91BC942}") = "CustomObjectsAsMapKeys", "CustomObjectsAsMapKeys\CustomObjectsAsMapKeys.vcxproj", "{923DE632-3ACC-4073-ABDA-13FBB0D05C99}"
EndProject
Project("{8BC9CEB8-8B4A-11D0-8D11-00A0C91BC942}") = "Multimap", "Multimap\Multimap.vcxproj", "{E74C2476-7FE8-4929-A242-044C1E8C428E}"
EndProject
Global
	GlobalSection(SolutionConfigurationPlatforms) = preSolution
		Debug|x64 = Debug|x64
		Debug|x86 = Debug|x86
		Release|x64 = Release|x64
		Release|x86 = Release|x86
	EndGlobalSection
	GlobalSection(ProjectConfigurationPlatforms) = postSolution
		{0F7F4A7C-59E5-480E-9F27-98E211E00561}.Debug|x64.ActiveCfg = Debug|x64
		{0F7F4A7C-59E5-480E-9F27-98E211E00561}.Debug|x64.Build.0 = Debug|x64
		{0F7F4A7C-59E5-480E-9F27-98E211E00561}.Debug|x86.ActiveCfg = Debug|Win32
		{0F7F4A7C-59E5-480E-9F27-98E211E00561}.Debug|x86.Build.0 = Debug|Win32
		{0F7F4A7C-59E5-480E-9F27-98E211E00561}.Release|x64.ActiveCfg = Release|x64
		{0F7F4A7C-59E5-480E-9F27-98E211E00561}.Release|x64.Build.0 = Release|x64
		{0F7F4A7C-59E5-480E-9F27-98E211E00561}.Release|x86.ActiveCfg = Release|Win32
		{0F7F4A7C-59E5-480E-9F27-98E211E00561}.Release|x86.Build.0 = Release|Win32
		{24FF8E80-3AC7-4A56-8118-E8A2F81922A4}.Debug|x64.ActiveCfg = Debug|x64
		{24FF8E80-3AC7-4A56-8118-E8A2F81922A4}.Debug|x64.Build.0 = Debug|x64
		{24FF8E80-3AC7-4A56-8118-E8A2F81922A4}.Debug|x86.ActiveCfg = Debug|Win32
		{24FF8E80-3AC7-4A56-8118-E8A2F81922A4}.Debug|x86.Build.0 = Debug|Win32
		{24FF8E80-3AC7-4A56-8118-E8A2F81922A4}.Release|x64.ActiveCfg = Release|x64
		{24FF8E80-3AC7-4A56-8118-E8A2F81922A4}.Release|x64.Build.0 = Release|x64
		{24FF8E80-3AC7-4A56-8118-E8A2F81922A4}.Release|x86.ActiveCfg = Release|Win32
		{24FF8E80-3AC7-4A56-8118-E8A2F81922A4}.Release|x86.Build.0 = Release|Win32
		{E1818EA6-277C-4463-9848-A940F3EBB0DE}.Debug|x64.ActiveCfg = Debug|x64
		{E1818EA6-277C-4463-9848-A940F3EBB0DE}.Debug|x64.Build.0 = Debug|x64
		{E1818EA6-277C-4463-9848-A940F3EBB0DE}.Debug|x86.ActiveCfg = Debug|Win32
		{E1818EA6-277C-4463-9848-A940F3EBB0DE}.Debug|x86.Build.0 = Debug|Win32
		{E1818EA6-277C-4463-9848-A940F3EBB0DE}.Release|x64.ActiveCfg = Release|x64
		{E1818EA6-277C-4463-9848-A940F3EBB0DE}.Release|x64.Build.0 = Release|x64
		{E1818EA6-277C-4463-9848-A940F3EBB0DE}.Release|x86.ActiveCfg = Release|Win32
		{E1818EA6-277C-4463-9848-A940F3EBB0DE}.Release|x86.Build.0 = Release|Win32
		{42DC5168-B80F-41C7-B8FE-4EABC031CFAC}.Debug|x64.ActiveCfg = Debug|x64
		{42DC5168-B80F-41C7-B8FE-4EABC031CFAC}.Debug|x64.Build.0 = Debug|x64
		{42DC5168-B80F-41C7-B8FE-4EABC031CFAC}.Debug|x86.ActiveCfg = Debug|Win32
		{42DC5168-B80F-41C7-B8FE-4EABC031CFAC}.Debug|x86.Build.0 = Debug|Win32
		{42DC5168-B80F-41C7-B8FE-4EABC031CFAC}.Release|x64.ActiveCfg = Release|x64
		{42DC5168-B80F-41C7-B8FE-4EABC031CFAC}.Release|x64.Build.0 = Release|x64
		{42DC5168-B80F-41C7-B8FE-4EABC031CFAC}.Release|x86.ActiveCfg = Release|Win32
		{42DC5168-B80F-41C7-B8FE-4EABC031CFAC}.Release|x86.Build.0 = Release|Win32
		{D3E33333-F9EC-4702-9886-72C09E0261F8}.Debug|x64.ActiveCfg = Debug|x64
		{D3E33333-F9EC-4702-9886-72C09E0261F8}.Debug|x64.Build.0 = Debug|x64
		{D3E33333-F9EC-4702-9886-72C09E0261F8}.Debug|x86.ActiveCfg = Debug|Win32
		{D3E33333-F9EC-4702-9886-72C09E0261F8}.Debug|x86.Build.0 = Debug|Win32
		{D3E33333-F9EC-4702-9886-72C09E0261F8}.Release|x64.ActiveCfg = Release|x64
		{D3E33333-F9EC-4702-9886-72C09E0261F8}.Release|x64.Build.0 = Release|x64
		{D3E33333-F9EC-4702-9886-72C09E0261F8}.Release|x86.ActiveCfg = Release|Win32
		{D3E33333-F9EC-4702-9886-72C09E0261F8}.Release|x86.Build.0 = Release|Win32
		{923DE632-3ACC-4073-ABDA-13FBB0D05C99}.Debug|x64.ActiveCfg = Debug|x64
		{923DE632-3ACC-4073-ABDA-13FBB0D05C99}.Debug|x64.Build.0 = Debug|x64
		{923DE632-3ACC-4073-ABDA-13FBB0D05C99}.Debug|x86.ActiveCfg = Debug|Win32
		{923DE632-3ACC-4073-ABDA-13FBB0D05C99}.Debug|x86.Build.0 = Debug|Win32
		{923DE632-3ACC-4073-ABDA-13FBB0D05C99}.Release|x64.ActiveCfg = Release|x64
		{923DE632-3ACC-4073-ABDA-13FBB0D05C99}.Release|x64.Build.0 = Release|x64
		{923DE632-3ACC-4073-ABDA-13FBB0D05C99}.Release|x86.ActiveCfg = Release|Win32
		{923DE632-3ACC-4073-ABDA-13FBB0D05C99}.Release|x86.Build.0 = Release|Win32
		{E74C2476-7FE8-4929-A242-044C1E8C428E}.Debug|x64.ActiveCfg = Debug|x64
		{E74C2476-7FE8-4929-A242-044C1E8C428E}.Debug|x64.Build.0 = Debug|x64
		{E74C2476-7FE8-4929-A242-044C1E8C428E}.Debug|x86.ActiveCfg = Debug|Win32
		{E74C2476-7FE8-4929-A242-044C1E8C428E}.Debug|x86.Build.0 = Debug|Win32
		{E74C2476-7FE8-4929-A242-044C1E8C428E}.Release|x64.ActiveCfg = Release|x64
		{E74C2476-7FE8-4929-A242-044C1E8C428E}.Release|x64.Build.0 = Release|x64
		{E74C2476-7FE8-4929-A242-044C1E8C428E}.Release|x86.ActiveCfg = Release|Win32
		{E74C2476-7FE8-4929-A242-044C1E8C428E}.Release|x86.Build.0 = Release|Win32
	EndGlobalSection
	GlobalSection(SolutionProperties) = preSolution
		HideSolutionNode = FALSE
	EndGlobalSection
EndGlobal
