
Microsoft Visual Studio Solution File, Format Version 12.00
# Visual Studio 14
VisualStudioVersion = 14.0.24720.0
MinimumVisualStudioVersion = 10.0.40219.1
Project("{8BC9CEB8-8B4A-11D0-8D11-00A0C91BC942}") = "FunctionPointers", "FunctionPointers\FunctionPointers.vcxproj", "{D24DAF97-BD65-4BFD-ACA3-9DAF87918164}"
EndProject
Project("{8BC9CEB8-8B4A-11D0-8D11-00A0C91BC942}") = "UsingFunctionPointers", "UIsingFunctionPointers\UIsingFunctionPointers.vcxproj", "{22E33CB1-D30D-49AF-A08A-24B6B8D7F814}"
EndProject
Project("{8BC9CEB8-8B4A-11D0-8D11-00A0C91BC942}") = "ObjectSlicingAndPolymorphism", "ObjectSlicingAndPolymorphism\ObjectSlicingAndPolymorphism.vcxproj", "{F73CE17B-A7DE-4D13-AF15-CDA565958B74}"
EndProject
Project("{8BC9CEB8-8B4A-11D0-8D11-00A0C91BC942}") = "AbstractClasses", "AbstractClasses\AbstractClasses.vcxproj", "{93CCACF7-F165-44E5-B2A6-4493F5320200}"
EndProject
Global
	GlobalSection(SolutionConfigurationPlatforms) = preSolution
		Debug|x64 = Debug|x64
		Debug|x86 = Debug|x86
		Release|x64 = Release|x64
		Release|x86 = Release|x86
	EndGlobalSection
	GlobalSection(ProjectConfigurationPlatforms) = postSolution
		{D24DAF97-BD65-4BFD-ACA3-9DAF87918164}.Debug|x64.ActiveCfg = Debug|x64
		{D24DAF97-BD65-4BFD-ACA3-9DAF87918164}.Debug|x64.Build.0 = Debug|x64
		{D24DAF97-BD65-4BFD-ACA3-9DAF87918164}.Debug|x86.ActiveCfg = Debug|Win32
		{D24DAF97-BD65-4BFD-ACA3-9DAF87918164}.Debug|x86.Build.0 = Debug|Win32
		{D24DAF97-BD65-4BFD-ACA3-9DAF87918164}.Release|x64.ActiveCfg = Release|x64
		{D24DAF97-BD65-4BFD-ACA3-9DAF87918164}.Release|x64.Build.0 = Release|x64
		{D24DAF97-BD65-4BFD-ACA3-9DAF87918164}.Release|x86.ActiveCfg = Release|Win32
		{D24DAF97-BD65-4BFD-ACA3-9DAF87918164}.Release|x86.Build.0 = Release|Win32
		{22E33CB1-D30D-49AF-A08A-24B6B8D7F814}.Debug|x64.ActiveCfg = Debug|x64
		{22E33CB1-D30D-49AF-A08A-24B6B8D7F814}.Debug|x64.Build.0 = Debug|x64
		{22E33CB1-D30D-49AF-A08A-24B6B8D7F814}.Debug|x86.ActiveCfg = Debug|Win32
		{22E33CB1-D30D-49AF-A08A-24B6B8D7F814}.Debug|x86.Build.0 = Debug|Win32
		{22E33CB1-D30D-49AF-A08A-24B6B8D7F814}.Release|x64.ActiveCfg = Release|x64
		{22E33CB1-D30D-49AF-A08A-24B6B8D7F814}.Release|x64.Build.0 = Release|x64
		{22E33CB1-D30D-49AF-A08A-24B6B8D7F814}.Release|x86.ActiveCfg = Release|Win32
		{22E33CB1-D30D-49AF-A08A-24B6B8D7F814}.Release|x86.Build.0 = Release|Win32
		{F73CE17B-A7DE-4D13-AF15-CDA565958B74}.Debug|x64.ActiveCfg = Debug|x64
		{F73CE17B-A7DE-4D13-AF15-CDA565958B74}.Debug|x64.Build.0 = Debug|x64
		{F73CE17B-A7DE-4D13-AF15-CDA565958B74}.Debug|x86.ActiveCfg = Debug|Win32
		{F73CE17B-A7DE-4D13-AF15-CDA565958B74}.Debug|x86.Build.0 = Debug|Win32
		{F73CE17B-A7DE-4D13-AF15-CDA565958B74}.Release|x64.ActiveCfg = Release|x64
		{F73CE17B-A7DE-4D13-AF15-CDA565958B74}.Release|x64.Build.0 = Release|x64
		{F73CE17B-A7DE-4D13-AF15-CDA565958B74}.Release|x86.ActiveCfg = Release|Win32
		{F73CE17B-A7DE-4D13-AF15-CDA565958B74}.Release|x86.Build.0 = Release|Win32
		{93CCACF7-F165-44E5-B2A6-4493F5320200}.Debug|x64.ActiveCfg = Debug|x64
		{93CCACF7-F165-44E5-B2A6-4493F5320200}.Debug|x64.Build.0 = Debug|x64
		{93CCACF7-F165-44E5-B2A6-4493F5320200}.Debug|x86.ActiveCfg = Debug|Win32
		{93CCACF7-F165-44E5-B2A6-4493F5320200}.Debug|x86.Build.0 = Debug|Win32
		{93CCACF7-F165-44E5-B2A6-4493F5320200}.Release|x64.ActiveCfg = Release|x64
		{93CCACF7-F165-44E5-B2A6-4493F5320200}.Release|x64.Build.0 = Release|x64
		{93CCACF7-F165-44E5-B2A6-4493F5320200}.Release|x86.ActiveCfg = Release|Win32
		{93CCACF7-F165-44E5-B2A6-4493F5320200}.Release|x86.Build.0 = Release|Win32
	EndGlobalSection
	GlobalSection(SolutionProperties) = preSolution
		HideSolutionNode = FALSE
	EndGlobalSection
EndGlobal
